
Microsoft Visual Studio Solution File, Format Version 12.00
# Visual Studio Version 17
VisualStudioVersion = 17.14.36212.18
MinimumVisualStudioVersion = 10.0.40219.1
Project("{2150E333-8FDC-42A3-9474-1A3956D46DE8}") = "src", "src", "{02EA681E-C7D8-13C7-8484-4AC65E1B71E8}"
EndProject
Project("{2150E333-8FDC-42A3-9474-1A3956D46DE8}") = "tests", "tests", "{62F0E6ED-FECE-4156-A7AA-01FC663BCC09}"
EndProject
Project("{FAE04EC0-301F-11D3-BF4B-00C04F79EFBC}") = "01_WebApi", "01_WebApi\01_WebApi.csproj", "{284E06AE-C15D-4BBF-89B7-DF11F609C16E}"
EndProject
Project("{FAE04EC0-301F-11D3-BF4B-00C04F79EFBC}") = "02_QueueConsumer", "02_QueueConsumer\02_QueueConsumer.csproj", "{739FCC86-0B96-4CDE-8FE1-3F1C5D0DB782}"
EndProject
Project("{FAE04EC0-301F-11D3-BF4B-00C04F79EFBC}") = "03_Application", "03_Application\03_Application.csproj", "{DD69C917-6E05-4590-8A57-4C8262A8C263}"
EndProject
Project("{FAE04EC0-301F-11D3-BF4B-00C04F79EFBC}") = "04_Domain", "04_Domain\04_Domain.csproj", "{46225716-4211-459F-A28C-D3E0C82D3627}"
EndProject
Project("{FAE04EC0-301F-11D3-BF4B-00C04F79EFBC}") = "05_Infraestructure", "05_Infraestructure\05_Infraestructure.csproj", "{0AAF7F73-AA17-4D98-BA00-B31E0BE7C003}"
EndProject
Project("{E53339B2-1760-4266-BCC7-CA923CBCF16C}") = "docker-compose", "docker-compose.dcproj", "{81DDED9D-158B-E303-5F62-77A2896D2A5A}"
EndProject
Project("{FAE04EC0-301F-11D3-BF4B-00C04F79EFBC}") = "06_SharedKernel", "06_SharedKernel\06_SharedKernel.csproj", "{B20C47AC-04D1-4286-A47F-7A1894A02ACD}"
EndProject
Project("{FAE04EC0-301F-11D3-BF4B-00C04F79EFBC}") = "07_CrossCutting", "07_CrossCutting\07_CrossCutting.csproj", "{8A86AF3E-0FC8-4742-B97F-50053A5E7FD4}"
EndProject
Global
	GlobalSection(SolutionConfigurationPlatforms) = preSolution
		Debug|Any CPU = Debug|Any CPU
		Release|Any CPU = Release|Any CPU
	EndGlobalSection
	GlobalSection(ProjectConfigurationPlatforms) = postSolution
		{284E06AE-C15D-4BBF-89B7-DF11F609C16E}.Debug|Any CPU.ActiveCfg = Debug|Any CPU
		{284E06AE-C15D-4BBF-89B7-DF11F609C16E}.Debug|Any CPU.Build.0 = Debug|Any CPU
		{284E06AE-C15D-4BBF-89B7-DF11F609C16E}.Release|Any CPU.ActiveCfg = Release|Any CPU
		{284E06AE-C15D-4BBF-89B7-DF11F609C16E}.Release|Any CPU.Build.0 = Release|Any CPU
		{739FCC86-0B96-4CDE-8FE1-3F1C5D0DB782}.Debug|Any CPU.ActiveCfg = Debug|Any CPU
		{739FCC86-0B96-4CDE-8FE1-3F1C5D0DB782}.Debug|Any CPU.Build.0 = Debug|Any CPU
		{739FCC86-0B96-4CDE-8FE1-3F1C5D0DB782}.Release|Any CPU.ActiveCfg = Release|Any CPU
		{739FCC86-0B96-4CDE-8FE1-3F1C5D0DB782}.Release|Any CPU.Build.0 = Release|Any CPU
		{DD69C917-6E05-4590-8A57-4C8262A8C263}.Debug|Any CPU.ActiveCfg = Debug|Any CPU
		{DD69C917-6E05-4590-8A57-4C8262A8C263}.Debug|Any CPU.Build.0 = Debug|Any CPU
		{DD69C917-6E05-4590-8A57-4C8262A8C263}.Release|Any CPU.ActiveCfg = Release|Any CPU
		{DD69C917-6E05-4590-8A57-4C8262A8C263}.Release|Any CPU.Build.0 = Release|Any CPU
		{46225716-4211-459F-A28C-D3E0C82D3627}.Debug|Any CPU.ActiveCfg = Debug|Any CPU
		{46225716-4211-459F-A28C-D3E0C82D3627}.Debug|Any CPU.Build.0 = Debug|Any CPU
		{46225716-4211-459F-A28C-D3E0C82D3627}.Release|Any CPU.ActiveCfg = Release|Any CPU
		{46225716-4211-459F-A28C-D3E0C82D3627}.Release|Any CPU.Build.0 = Release|Any CPU
		{0AAF7F73-AA17-4D98-BA00-B31E0BE7C003}.Debug|Any CPU.ActiveCfg = Debug|Any CPU
		{0AAF7F73-AA17-4D98-BA00-B31E0BE7C003}.Debug|Any CPU.Build.0 = Debug|Any CPU
		{0AAF7F73-AA17-4D98-BA00-B31E0BE7C003}.Release|Any CPU.ActiveCfg = Release|Any CPU
		{0AAF7F73-AA17-4D98-BA00-B31E0BE7C003}.Release|Any CPU.Build.0 = Release|Any CPU
		{81DDED9D-158B-E303-5F62-77A2896D2A5A}.Debug|Any CPU.ActiveCfg = Debug|Any CPU
		{81DDED9D-158B-E303-5F62-77A2896D2A5A}.Debug|Any CPU.Build.0 = Debug|Any CPU
		{81DDED9D-158B-E303-5F62-77A2896D2A5A}.Release|Any CPU.ActiveCfg = Release|Any CPU
		{81DDED9D-158B-E303-5F62-77A2896D2A5A}.Release|Any CPU.Build.0 = Release|Any CPU
		{B20C47AC-04D1-4286-A47F-7A1894A02ACD}.Debug|Any CPU.ActiveCfg = Debug|Any CPU
		{B20C47AC-04D1-4286-A47F-7A1894A02ACD}.Debug|Any CPU.Build.0 = Debug|Any CPU
		{B20C47AC-04D1-4286-A47F-7A1894A02ACD}.Release|Any CPU.ActiveCfg = Release|Any CPU
		{B20C47AC-04D1-4286-A47F-7A1894A02ACD}.Release|Any CPU.Build.0 = Release|Any CPU
		{8A86AF3E-0FC8-4742-B97F-50053A5E7FD4}.Debug|Any CPU.ActiveCfg = Debug|Any CPU
		{8A86AF3E-0FC8-4742-B97F-50053A5E7FD4}.Debug|Any CPU.Build.0 = Debug|Any CPU
		{8A86AF3E-0FC8-4742-B97F-50053A5E7FD4}.Release|Any CPU.ActiveCfg = Release|Any CPU
		{8A86AF3E-0FC8-4742-B97F-50053A5E7FD4}.Release|Any CPU.Build.0 = Release|Any CPU
	EndGlobalSection
	GlobalSection(SolutionProperties) = preSolution
		HideSolutionNode = FALSE
	EndGlobalSection
	GlobalSection(NestedProjects) = preSolution
		{284E06AE-C15D-4BBF-89B7-DF11F609C16E} = {02EA681E-C7D8-13C7-8484-4AC65E1B71E8}
		{739FCC86-0B96-4CDE-8FE1-3F1C5D0DB782} = {02EA681E-C7D8-13C7-8484-4AC65E1B71E8}
		{DD69C917-6E05-4590-8A57-4C8262A8C263} = {02EA681E-C7D8-13C7-8484-4AC65E1B71E8}
		{46225716-4211-459F-A28C-D3E0C82D3627} = {02EA681E-C7D8-13C7-8484-4AC65E1B71E8}
		{0AAF7F73-AA17-4D98-BA00-B31E0BE7C003} = {02EA681E-C7D8-13C7-8484-4AC65E1B71E8}
		{B20C47AC-04D1-4286-A47F-7A1894A02ACD} = {02EA681E-C7D8-13C7-8484-4AC65E1B71E8}
		{8A86AF3E-0FC8-4742-B97F-50053A5E7FD4} = {02EA681E-C7D8-13C7-8484-4AC65E1B71E8}
	EndGlobalSection
	GlobalSection(ExtensibilityGlobals) = postSolution
		SolutionGuid = {5751BE1B-F0FC-45AD-A26D-2D1F26B763C2}
	EndGlobalSection
EndGlobal
